
Microsoft Visual Studio Solution File, Format Version 12.00
# Visual Studio Version 17
VisualStudioVersion = 17.6.33829.357
MinimumVisualStudioVersion = 10.0.40219.1
Project("{FAE04EC0-301F-11D3-BF4B-00C04F79EFBC}") = "AnnasGL", "AnnasGL\AnnasGL.csproj", "{A614BC0A-9079-4680-91CE-BDA21C9CD04E}"
EndProject
Project("{FAE04EC0-301F-11D3-BF4B-00C04F79EFBC}") = "SampleApp", "SampleApp\SampleApp.csproj", "{E8DD299A-821F-40B4-A954-4E61410B0283}"
EndProject
Global
	GlobalSection(SolutionConfigurationPlatforms) = preSolution
		Debug|Any CPU = Debug|Any CPU
		Release|Any CPU = Release|Any CPU
	EndGlobalSection
	GlobalSection(ProjectConfigurationPlatforms) = postSolution
		{A614BC0A-9079-4680-91CE-BDA21C9CD04E}.Debug|Any CPU.ActiveCfg = Debug|Any CPU
		{A614BC0A-9079-4680-91CE-BDA21C9CD04E}.Debug|Any CPU.Build.0 = Debug|Any CPU
		{A614BC0A-9079-4680-91CE-BDA21C9CD04E}.Release|Any CPU.ActiveCfg = Release|Any CPU
		{A614BC0A-9079-4680-91CE-BDA21C9CD04E}.Release|Any CPU.Build.0 = Release|Any CPU
		{E8DD299A-821F-40B4-A954-4E61410B0283}.Debug|Any CPU.ActiveCfg = Debug|Any CPU
		{E8DD299A-821F-40B4-A954-4E61410B0283}.Debug|Any CPU.Build.0 = Debug|Any CPU
		{E8DD299A-821F-40B4-A954-4E61410B0283}.Release|Any CPU.ActiveCfg = Release|Any CPU
		{E8DD299A-821F-40B4-A954-4E61410B0283}.Release|Any CPU.Build.0 = Release|Any CPU
	EndGlobalSection
	GlobalSection(SolutionProperties) = preSolution
		HideSolutionNode = FALSE
	EndGlobalSection
	GlobalSection(ExtensibilityGlobals) = postSolution
		SolutionGuid = {2D365D1C-CC85-4B71-B4F5-F1746D99C1BA}
	EndGlobalSection
EndGlobal
